// !$*UTF8*$!
{
	archiveVersion = 1;
	classes = {
	};
	objectVersion = 46;
	objects = {

/* Begin PBXBuildFile section */
		CC581AA01C61635B0066A1EA /* TwoPairProcessor.swift in Sources */ = {isa = PBXBuildFile; fileRef = CC581A9F1C61635B0066A1EA /* TwoPairProcessor.swift */; };
		CC581AA11C61644F0066A1EA /* TwoPairProcessor.swift in Sources */ = {isa = PBXBuildFile; fileRef = CC581A9F1C61635B0066A1EA /* TwoPairProcessor.swift */; };
		CC92D4BA1C5E28C600036061 /* main.swift in Sources */ = {isa = PBXBuildFile; fileRef = CC92D4B91C5E28C600036061 /* main.swift */; };
		CC92D4C81C5E639F00036061 /* Simple_Poker_Hands_Test.swift in Sources */ = {isa = PBXBuildFile; fileRef = CC92D4C71C5E639F00036061 /* Simple_Poker_Hands_Test.swift */; };
		CC92D4CD1C5E63BA00036061 /* main.swift in Sources */ = {isa = PBXBuildFile; fileRef = CC92D4B91C5E28C600036061 /* main.swift */; };
		CC9DA87D1C5E9E200047F13B /* Card.swift in Sources */ = {isa = PBXBuildFile; fileRef = CC9DA87C1C5E9E200047F13B /* Card.swift */; };
		CC9DA87E1C5E9E200047F13B /* Card.swift in Sources */ = {isa = PBXBuildFile; fileRef = CC9DA87C1C5E9E200047F13B /* Card.swift */; };
		CC9DA8871C5EA42B0047F13B /* CardProcessor.swift in Sources */ = {isa = PBXBuildFile; fileRef = CC9DA8861C5EA42B0047F13B /* CardProcessor.swift */; };
		CC9DA8881C5EA42B0047F13B /* CardProcessor.swift in Sources */ = {isa = PBXBuildFile; fileRef = CC9DA8861C5EA42B0047F13B /* CardProcessor.swift */; };
		CC9DA88A1C5EA4850047F13B /* HandProcessor.swift in Sources */ = {isa = PBXBuildFile; fileRef = CC9DA8891C5EA4850047F13B /* HandProcessor.swift */; };
		CC9DA88B1C5EA4850047F13B /* HandProcessor.swift in Sources */ = {isa = PBXBuildFile; fileRef = CC9DA8891C5EA4850047F13B /* HandProcessor.swift */; };
		CC9DA88E1C601B1B0047F13B /* PairProcessor.swift in Sources */ = {isa = PBXBuildFile; fileRef = CC9DA88D1C601B1B0047F13B /* PairProcessor.swift */; };
		CC9DA88F1C601B1B0047F13B /* PairProcessor.swift in Sources */ = {isa = PBXBuildFile; fileRef = CC9DA88D1C601B1B0047F13B /* PairProcessor.swift */; };
		CC9DA8911C614FD80047F13B /* HighCardProcessor.swift in Sources */ = {isa = PBXBuildFile; fileRef = CC9DA8901C614FD80047F13B /* HighCardProcessor.swift */; };
		CC9DA8921C614FD80047F13B /* HighCardProcessor.swift in Sources */ = {isa = PBXBuildFile; fileRef = CC9DA8901C614FD80047F13B /* HighCardProcessor.swift */; };
/* End PBXBuildFile section */

/* Begin PBXCopyFilesBuildPhase section */
		CC92D4B41C5E28C600036061 /* CopyFiles */ = {
			isa = PBXCopyFilesBuildPhase;
			buildActionMask = 2147483647;
			dstPath = /usr/share/man/man1/;
			dstSubfolderSpec = 0;
			files = (
			);
			runOnlyForDeploymentPostprocessing = 1;
		};
/* End PBXCopyFilesBuildPhase section */

/* Begin PBXFileReference section */
		CC581A9F1C61635B0066A1EA /* TwoPairProcessor.swift */ = {isa = PBXFileReference; fileEncoding = 4; lastKnownFileType = sourcecode.swift; path = TwoPairProcessor.swift; sourceTree = "<group>"; };
		CC92D4B61C5E28C600036061 /* Simple-Poker-Hands */ = {isa = PBXFileReference; explicitFileType = "compiled.mach-o.executable"; includeInIndex = 0; path = "Simple-Poker-Hands"; sourceTree = BUILT_PRODUCTS_DIR; };
		CC92D4B91C5E28C600036061 /* main.swift */ = {isa = PBXFileReference; lastKnownFileType = sourcecode.swift; path = main.swift; sourceTree = "<group>"; };
		CC92D4C51C5E639F00036061 /* Simple-Poker-Hands-Test.xctest */ = {isa = PBXFileReference; explicitFileType = wrapper.cfbundle; includeInIndex = 0; path = "Simple-Poker-Hands-Test.xctest"; sourceTree = BUILT_PRODUCTS_DIR; };
		CC92D4C71C5E639F00036061 /* Simple_Poker_Hands_Test.swift */ = {isa = PBXFileReference; lastKnownFileType = sourcecode.swift; path = Simple_Poker_Hands_Test.swift; sourceTree = "<group>"; };
		CC92D4C91C5E63A000036061 /* Info.plist */ = {isa = PBXFileReference; lastKnownFileType = text.plist.xml; path = Info.plist; sourceTree = "<group>"; };
		CC9DA87C1C5E9E200047F13B /* Card.swift */ = {isa = PBXFileReference; fileEncoding = 4; lastKnownFileType = sourcecode.swift; path = Card.swift; sourceTree = "<group>"; };
		CC9DA8861C5EA42B0047F13B /* CardProcessor.swift */ = {isa = PBXFileReference; fileEncoding = 4; lastKnownFileType = sourcecode.swift; path = CardProcessor.swift; sourceTree = "<group>"; };
		CC9DA8891C5EA4850047F13B /* HandProcessor.swift */ = {isa = PBXFileReference; fileEncoding = 4; lastKnownFileType = sourcecode.swift; path = HandProcessor.swift; sourceTree = "<group>"; };
		CC9DA88D1C601B1B0047F13B /* PairProcessor.swift */ = {isa = PBXFileReference; fileEncoding = 4; lastKnownFileType = sourcecode.swift; path = PairProcessor.swift; sourceTree = "<group>"; };
		CC9DA8901C614FD80047F13B /* HighCardProcessor.swift */ = {isa = PBXFileReference; fileEncoding = 4; lastKnownFileType = sourcecode.swift; path = HighCardProcessor.swift; sourceTree = "<group>"; };
/* End PBXFileReference section */

/* Begin PBXFrameworksBuildPhase section */
		CC92D4B31C5E28C600036061 /* Frameworks */ = {
			isa = PBXFrameworksBuildPhase;
			buildActionMask = 2147483647;
			files = (
			);
			runOnlyForDeploymentPostprocessing = 0;
		};
		CC92D4C21C5E639F00036061 /* Frameworks */ = {
			isa = PBXFrameworksBuildPhase;
			buildActionMask = 2147483647;
			files = (
			);
			runOnlyForDeploymentPostprocessing = 0;
		};
/* End PBXFrameworksBuildPhase section */

/* Begin PBXGroup section */
		CC92D4AD1C5E28C600036061 = {
			isa = PBXGroup;
			children = (
				CC92D4B81C5E28C600036061 /* Simple-Poker-Hands */,
				CC92D4C61C5E639F00036061 /* Simple-Poker-Hands-Test */,
				CC92D4B71C5E28C600036061 /* Products */,
			);
			sourceTree = "<group>";
		};
		CC92D4B71C5E28C600036061 /* Products */ = {
			isa = PBXGroup;
			children = (
				CC92D4B61C5E28C600036061 /* Simple-Poker-Hands */,
				CC92D4C51C5E639F00036061 /* Simple-Poker-Hands-Test.xctest */,
			);
			name = Products;
			sourceTree = "<group>";
		};
		CC92D4B81C5E28C600036061 /* Simple-Poker-Hands */ = {
			isa = PBXGroup;
			children = (
				CC9DA8851C5EA4040047F13B /* processor */,
				CC92D4C01C5E612D00036061 /* cards */,
				CC92D4B91C5E28C600036061 /* main.swift */,
			);
			path = "Simple-Poker-Hands";
			sourceTree = "<group>";
		};
		CC92D4C01C5E612D00036061 /* cards */ = {
			isa = PBXGroup;
			children = (
				CC9DA87C1C5E9E200047F13B /* Card.swift */,
			);
			name = cards;
			sourceTree = "<group>";
		};
		CC92D4C61C5E639F00036061 /* Simple-Poker-Hands-Test */ = {
			isa = PBXGroup;
			children = (
				CC92D4C71C5E639F00036061 /* Simple_Poker_Hands_Test.swift */,
				CC92D4C91C5E63A000036061 /* Info.plist */,
			);
			path = "Simple-Poker-Hands-Test";
			sourceTree = "<group>";
		};
		CC9DA8851C5EA4040047F13B /* processor */ = {
			isa = PBXGroup;
			children = (
				CC9DA88C1C5EAD170047F13B /* hand_processor */,
				CC9DA8861C5EA42B0047F13B /* CardProcessor.swift */,
			);
			name = processor;
			sourceTree = "<group>";
		};
		CC9DA88C1C5EAD170047F13B /* hand_processor */ = {
			isa = PBXGroup;
			children = (
				CC9DA8891C5EA4850047F13B /* HandProcessor.swift */,
				CC9DA88D1C601B1B0047F13B /* PairProcessor.swift */,
				CC9DA8901C614FD80047F13B /* HighCardProcessor.swift */,
				CC581A9F1C61635B0066A1EA /* TwoPairProcessor.swift */,
			);
			name = hand_processor;
			sourceTree = "<group>";
		};
/* End PBXGroup section */

/* Begin PBXNativeTarget section */
		CC92D4B51C5E28C600036061 /* Simple-Poker-Hands */ = {
			isa = PBXNativeTarget;
			buildConfigurationList = CC92D4BD1C5E28C600036061 /* Build configuration list for PBXNativeTarget "Simple-Poker-Hands" */;
			buildPhases = (
				CC92D4B21C5E28C600036061 /* Sources */,
				CC92D4B31C5E28C600036061 /* Frameworks */,
				CC92D4B41C5E28C600036061 /* CopyFiles */,
			);
			buildRules = (
			);
			dependencies = (
			);
			name = "Simple-Poker-Hands";
			productName = "Simple-Poker-Hands";
			productReference = CC92D4B61C5E28C600036061 /* Simple-Poker-Hands */;
			productType = "com.apple.product-type.tool";
		};
		CC92D4C41C5E639F00036061 /* Simple-Poker-Hands-Test */ = {
			isa = PBXNativeTarget;
			buildConfigurationList = CC92D4CA1C5E63A000036061 /* Build configuration list for PBXNativeTarget "Simple-Poker-Hands-Test" */;
			buildPhases = (
				CC92D4C11C5E639F00036061 /* Sources */,
				CC92D4C21C5E639F00036061 /* Frameworks */,
				CC92D4C31C5E639F00036061 /* Resources */,
			);
			buildRules = (
			);
			dependencies = (
			);
			name = "Simple-Poker-Hands-Test";
			productName = "Simple-Poker-Hands-Test";
			productReference = CC92D4C51C5E639F00036061 /* Simple-Poker-Hands-Test.xctest */;
			productType = "com.apple.product-type.bundle.unit-test";
		};
/* End PBXNativeTarget section */

/* Begin PBXProject section */
		CC92D4AE1C5E28C600036061 /* Project object */ = {
			isa = PBXProject;
			attributes = {
				LastSwiftUpdateCheck = 0720;
				LastUpgradeCheck = 0720;
				ORGANIZATIONNAME = Pixelrockit;
				TargetAttributes = {
					CC92D4B51C5E28C600036061 = {
						CreatedOnToolsVersion = 7.2;
					};
					CC92D4C41C5E639F00036061 = {
						CreatedOnToolsVersion = 7.2;
					};
				};
			};
			buildConfigurationList = CC92D4B11C5E28C600036061 /* Build configuration list for PBXProject "Simple-Poker-Hands" */;
			compatibilityVersion = "Xcode 3.2";
			developmentRegion = English;
			hasScannedForEncodings = 0;
			knownRegions = (
				en,
			);
			mainGroup = CC92D4AD1C5E28C600036061;
			productRefGroup = CC92D4B71C5E28C600036061 /* Products */;
			projectDirPath = "";
			projectRoot = "";
			targets = (
				CC92D4B51C5E28C600036061 /* Simple-Poker-Hands */,
				CC92D4C41C5E639F00036061 /* Simple-Poker-Hands-Test */,
			);
		};
/* End PBXProject section */

/* Begin PBXResourcesBuildPhase section */
		CC92D4C31C5E639F00036061 /* Resources */ = {
			isa = PBXResourcesBuildPhase;
			buildActionMask = 2147483647;
			files = (
			);
			runOnlyForDeploymentPostprocessing = 0;
		};
/* End PBXResourcesBuildPhase section */

/* Begin PBXSourcesBuildPhase section */
		CC92D4B21C5E28C600036061 /* Sources */ = {
			isa = PBXSourcesBuildPhase;
			buildActionMask = 2147483647;
			files = (
				CC92D4BA1C5E28C600036061 /* main.swift in Sources */,
				CC581AA01C61635B0066A1EA /* TwoPairProcessor.swift in Sources */,
				CC9DA88E1C601B1B0047F13B /* PairProcessor.swift in Sources */,
				CC9DA88A1C5EA4850047F13B /* HandProcessor.swift in Sources */,
				CC9DA87D1C5E9E200047F13B /* Card.swift in Sources */,
				CC9DA8911C614FD80047F13B /* HighCardProcessor.swift in Sources */,
				CC9DA8871C5EA42B0047F13B /* CardProcessor.swift in Sources */,
			);
			runOnlyForDeploymentPostprocessing = 0;
		};
		CC92D4C11C5E639F00036061 /* Sources */ = {
			isa = PBXSourcesBuildPhase;
			buildActionMask = 2147483647;
			files = (
				CC9DA8881C5EA42B0047F13B /* CardProcessor.swift in Sources */,
				CC92D4CD1C5E63BA00036061 /* main.swift in Sources */,
				CC9DA8921C614FD80047F13B /* HighCardProcessor.swift in Sources */,
				CC9DA88F1C601B1B0047F13B /* PairProcessor.swift in Sources */,
				CC9DA88B1C5EA4850047F13B /* HandProcessor.swift in Sources */,
				CC9DA87E1C5E9E200047F13B /* Card.swift in Sources */,
				CC92D4C81C5E639F00036061 /* Simple_Poker_Hands_Test.swift in Sources */,
				CC581AA11C61644F0066A1EA /* TwoPairProcessor.swift in Sources */,
			);
			runOnlyForDeploymentPostprocessing = 0;
		};
/* End PBXSourcesBuildPhase section */

/* Begin XCBuildConfiguration section */
		CC92D4BB1C5E28C600036061 /* Debug */ = {
			isa = XCBuildConfiguration;
			buildSettings = {
				ALWAYS_SEARCH_USER_PATHS = NO;
				CLANG_CXX_LANGUAGE_STANDARD = "gnu++0x";
				CLANG_CXX_LIBRARY = "libc++";
				CLANG_ENABLE_MODULES = YES;
				CLANG_ENABLE_OBJC_ARC = YES;
				CLANG_WARN_BOOL_CONVERSION = YES;
				CLANG_WARN_CONSTANT_CONVERSION = YES;
				CLANG_WARN_DIRECT_OBJC_ISA_USAGE = YES_ERROR;
				CLANG_WARN_EMPTY_BODY = YES;
				CLANG_WARN_ENUM_CONVERSION = YES;
				CLANG_WARN_INT_CONVERSION = YES;
				CLANG_WARN_OBJC_ROOT_CLASS = YES_ERROR;
				CLANG_WARN_UNREACHABLE_CODE = YES;
				CLANG_WARN__DUPLICATE_METHOD_MATCH = YES;
				CODE_SIGN_IDENTITY = "-";
				COPY_PHASE_STRIP = NO;
				DEBUG_INFORMATION_FORMAT = dwarf;
				ENABLE_STRICT_OBJC_MSGSEND = YES;
				ENABLE_TESTABILITY = YES;
				GCC_C_LANGUAGE_STANDARD = gnu99;
				GCC_DYNAMIC_NO_PIC = NO;
				GCC_NO_COMMON_BLOCKS = YES;
				GCC_OPTIMIZATION_LEVEL = 0;
				GCC_PREPROCESSOR_DEFINITIONS = (
					"DEBUG=1",
					"$(inherited)",
				);
				GCC_WARN_64_TO_32_BIT_CONVERSION = YES;
				GCC_WARN_ABOUT_RETURN_TYPE = YES_ERROR;
				GCC_WARN_UNDECLARED_SELECTOR = YES;
				GCC_WARN_UNINITIALIZED_AUTOS = YES_AGGRESSIVE;
				GCC_WARN_UNUSED_FUNCTION = YES;
				GCC_WARN_UNUSED_VARIABLE = YES;
				MACOSX_DEPLOYMENT_TARGET = 10.11;
				MTL_ENABLE_DEBUG_INFO = YES;
				ONLY_ACTIVE_ARCH = YES;
				SDKROOT = macosx;
				SWIFT_OPTIMIZATION_LEVEL = "-Onone";
			};
			name = Debug;
		};
		CC92D4BC1C5E28C600036061 /* Release */ = {
			isa = XCBuildConfiguration;
			buildSettings = {
				ALWAYS_SEARCH_USER_PATHS = NO;
				CLANG_CXX_LANGUAGE_STANDARD = "gnu++0x";
				CLANG_CXX_LIBRARY = "libc++";
				CLANG_ENABLE_MODULES = YES;
				CLANG_ENABLE_OBJC_ARC = YES;
				CLANG_WARN_BOOL_CONVERSION = YES;
				CLANG_WARN_CONSTANT_CONVERSION = YES;
				CLANG_WARN_DIRECT_OBJC_ISA_USAGE = YES_ERROR;
				CLANG_WARN_EMPTY_BODY = YES;
				CLANG_WARN_ENUM_CONVERSION = YES;
				CLANG_WARN_INT_CONVERSION = YES;
				CLANG_WARN_OBJC_ROOT_CLASS = YES_ERROR;
				CLANG_WARN_UNREACHABLE_CODE = YES;
				CLANG_WARN__DUPLICATE_METHOD_MATCH = YES;
				CODE_SIGN_IDENTITY = "-";
				COPY_PHASE_STRIP = NO;
				DEBUG_INFORMATION_FORMAT = "dwarf-with-dsym";
				ENABLE_NS_ASSERTIONS = NO;
				ENABLE_STRICT_OBJC_MSGSEND = YES;
				GCC_C_LANGUAGE_STANDARD = gnu99;
				GCC_NO_COMMON_BLOCKS = YES;
				GCC_WARN_64_TO_32_BIT_CONVERSION = YES;
				GCC_WARN_ABOUT_RETURN_TYPE = YES_ERROR;
				GCC_WARN_UNDECLARED_SELECTOR = YES;
				GCC_WARN_UNINITIALIZED_AUTOS = YES_AGGRESSIVE;
				GCC_WARN_UNUSED_FUNCTION = YES;
				GCC_WARN_UNUSED_VARIABLE = YES;
				MACOSX_DEPLOYMENT_TARGET = 10.11;
				MTL_ENABLE_DEBUG_INFO = NO;
				SDKROOT = macosx;
			};
			name = Release;
		};
		CC92D4BE1C5E28C600036061 /* Debug */ = {
			isa = XCBuildConfiguration;
			buildSettings = {
				PRODUCT_NAME = "$(TARGET_NAME)";
			};
			name = Debug;
		};
		CC92D4BF1C5E28C600036061 /* Release */ = {
			isa = XCBuildConfiguration;
			buildSettings = {
				PRODUCT_NAME = "$(TARGET_NAME)";
			};
			name = Release;
		};
		CC92D4CB1C5E63A000036061 /* Debug */ = {
			isa = XCBuildConfiguration;
			buildSettings = {
				COMBINE_HIDPI_IMAGES = YES;
				INFOPLIST_FILE = "Simple-Poker-Hands-Test/Info.plist";
				LD_RUNPATH_SEARCH_PATHS = "$(inherited) @executable_path/../Frameworks @loader_path/../Frameworks";
				PRODUCT_BUNDLE_IDENTIFIER = "com.pixelrockit.Simple-Poker-Hands-Test";
				PRODUCT_NAME = "$(TARGET_NAME)";
			};
			name = Debug;
		};
		CC92D4CC1C5E63A000036061 /* Release */ = {
			isa = XCBuildConfiguration;
			buildSettings = {
				COMBINE_HIDPI_IMAGES = YES;
				INFOPLIST_FILE = "Simple-Poker-Hands-Test/Info.plist";
				LD_RUNPATH_SEARCH_PATHS = "$(inherited) @executable_path/../Frameworks @loader_path/../Frameworks";
				PRODUCT_BUNDLE_IDENTIFIER = "com.pixelrockit.Simple-Poker-Hands-Test";
				PRODUCT_NAME = "$(TARGET_NAME)";
			};
			name = Release;
		};
/* End XCBuildConfiguration section */

/* Begin XCConfigurationList section */
		CC92D4B11C5E28C600036061 /* Build configuration list for PBXProject "Simple-Poker-Hands" */ = {
			isa = XCConfigurationList;
			buildConfigurations = (
				CC92D4BB1C5E28C600036061 /* Debug */,
				CC92D4BC1C5E28C600036061 /* Release */,
			);
			defaultConfigurationIsVisible = 0;
			defaultConfigurationName = Release;
		};
		CC92D4BD1C5E28C600036061 /* Build configuration list for PBXNativeTarget "Simple-Poker-Hands" */ = {
			isa = XCConfigurationList;
			buildConfigurations = (
				CC92D4BE1C5E28C600036061 /* Debug */,
				CC92D4BF1C5E28C600036061 /* Release */,
			);
			defaultConfigurationIsVisible = 0;
			defaultConfigurationName = Release;
		};
		CC92D4CA1C5E63A000036061 /* Build configuration list for PBXNativeTarget "Simple-Poker-Hands-Test" */ = {
			isa = XCConfigurationList;
			buildConfigurations = (
				CC92D4CB1C5E63A000036061 /* Debug */,
				CC92D4CC1C5E63A000036061 /* Release */,
			);
			defaultConfigurationIsVisible = 0;
			defaultConfigurationName = Release;
		};
/* End XCConfigurationList section */
	};
	rootObject = CC92D4AE1C5E28C600036061 /* Project object */;
}
